
Microsoft Visual Studio Solution File, Format Version 12.00
# Visual Studio Version 17
VisualStudioVersion = 17.14.36518.9 d17.14
MinimumVisualStudioVersion = 10.0.40219.1
Project("{FAE04EC0-301F-11D3-BF4B-00C04F79EFBC}") = "FasterFlats", "FasterFlats.csproj", "{9DB53F68-D087-419A-98A3-6D0576B93D50}"
EndProject
Global
	GlobalSection(SolutionConfigurationPlatforms) = preSolution
		Debug|Any CPU = Debug|Any CPU
		Release|Any CPU = Release|Any CPU
	EndGlobalSection
	GlobalSection(ProjectConfigurationPlatforms) = postSolution
		{9DB53F68-D087-419A-98A3-6D0576B93D50}.Debug|Any CPU.ActiveCfg = Debug|Any CPU
		{9DB53F68-D087-419A-98A3-6D0576B93D50}.Debug|Any CPU.Build.0 = Debug|Any CPU
		{9DB53F68-D087-419A-98A3-6D0576B93D50}.Release|Any CPU.ActiveCfg = Release|Any CPU
		{9DB53F68-D087-419A-98A3-6D0576B93D50}.Release|Any CPU.Build.0 = Release|Any CPU
	EndGlobalSection
	GlobalSection(SolutionProperties) = preSolution
		HideSolutionNode = FALSE
	EndGlobalSection
	GlobalSection(ExtensibilityGlobals) = postSolution
		SolutionGuid = {8AE657EA-6983-44DD-BED9-8C38C9B5F680}
	EndGlobalSection
EndGlobal
